<?xml version="1.0" encoding="utf-8"?>
<Project ToolsVersion="4.0" xmlns="http://schemas.microsoft.com/developer/msbuild/2003">
  <ItemGroup>
    <ClCompile Include="Application.cpp">
      <Filter>Source</Filter>
    </ClCompile>
    <ClCompile Include="Main.cpp">
      <Filter>Source</Filter>
    </ClCompile>
    <ClCompile Include="ModuleInput.cpp">
      <Filter>Source</Filter>
    </ClCompile>
    <ClCompile Include="ModuleOpenGL.cpp">
      <Filter>Source</Filter>
    </ClCompile>
    <ClCompile Include="ModuleProgram.cpp">
      <Filter>Source</Filter>
    </ClCompile>
    <ClCompile Include="ModuleRenderExercise.cpp">
      <Filter>Source</Filter>
    </ClCompile>
    <ClCompile Include="ModuleWindow.cpp">
      <Filter>Source</Filter>
    </ClCompile>
    <ClCompile Include="External\ImGui\include\imgui.cpp">
      <Filter>External\ImGui</Filter>
    </ClCompile>
    <ClCompile Include="External\ImGui\include\imgui_demo.cpp">
      <Filter>External\ImGui</Filter>
    </ClCompile>
    <ClCompile Include="External\ImGui\include\imgui_draw.cpp">
      <Filter>External\ImGui</Filter>
    </ClCompile>
    <ClCompile Include="External\ImGui\include\imgui_tables.cpp">
      <Filter>External\ImGui</Filter>
    </ClCompile>
    <ClCompile Include="External\ImGui\include\imgui_widgets.cpp">
      <Filter>External\ImGui</Filter>
    </ClCompile>
    <ClCompile Include="External\ImGui\include\backends\imgui_impl_opengl3.cpp">
      <Filter>External\ImGui\backend</Filter>
    </ClCompile>
    <ClCompile Include="External\ImGui\include\backends\imgui_impl_sdl2.cpp">
      <Filter>External\ImGui\backend</Filter>
    </ClCompile>
    <ClCompile Include="ModuleEditor.cpp">
      <Filter>Source</Filter>
    </ClCompile>
    <ClCompile Include="EditorPanelManager.cpp">
      <Filter>Source\Editor UI</Filter>
    </ClCompile>
    <ClCompile Include="AboutPanel.cpp">
      <Filter>Source\Editor UI\Editor Panels</Filter>
    </ClCompile>
    <ClCompile Include="External\MathGeolib\include\Geometry\AABB.cpp">
      <Filter>External\MathGeoLib\Geometry</Filter>
    </ClCompile>
    <ClCompile Include="External\MathGeolib\include\Geometry\Capsule.cpp">
      <Filter>External\MathGeoLib\Geometry</Filter>
    </ClCompile>
    <ClCompile Include="External\MathGeolib\include\Geometry\Circle.cpp">
      <Filter>External\MathGeoLib\Geometry</Filter>
    </ClCompile>
    <ClCompile Include="External\MathGeolib\include\Geometry\Cone.cpp">
      <Filter>External\MathGeoLib\Geometry</Filter>
    </ClCompile>
    <ClCompile Include="External\MathGeolib\include\Geometry\Cylinder.cpp">
      <Filter>External\MathGeoLib\Geometry</Filter>
    </ClCompile>
    <ClCompile Include="External\MathGeolib\include\Geometry\Frustum.cpp">
      <Filter>External\MathGeoLib\Geometry</Filter>
    </ClCompile>
    <ClCompile Include="External\MathGeolib\include\Geometry\Line.cpp">
      <Filter>External\MathGeoLib\Geometry</Filter>
    </ClCompile>
    <ClCompile Include="External\MathGeolib\include\Geometry\LineSegment.cpp">
      <Filter>External\MathGeoLib\Geometry</Filter>
    </ClCompile>
    <ClCompile Include="External\MathGeolib\include\Geometry\OBB.cpp">
      <Filter>External\MathGeoLib\Geometry</Filter>
    </ClCompile>
    <ClCompile Include="External\MathGeolib\include\Geometry\Plane.cpp">
      <Filter>External\MathGeoLib\Geometry</Filter>
    </ClCompile>
    <ClCompile Include="External\MathGeolib\include\Geometry\Polygon.cpp">
      <Filter>External\MathGeoLib\Geometry</Filter>
    </ClCompile>
    <ClCompile Include="External\MathGeolib\include\Geometry\Polyhedron.cpp">
      <Filter>External\MathGeoLib\Geometry</Filter>
    </ClCompile>
    <ClCompile Include="External\MathGeolib\include\Geometry\Ray.cpp">
      <Filter>External\MathGeoLib\Geometry</Filter>
    </ClCompile>
    <ClCompile Include="External\MathGeolib\include\Geometry\Sphere.cpp">
      <Filter>External\MathGeoLib\Geometry</Filter>
    </ClCompile>
    <ClCompile Include="External\MathGeolib\include\Geometry\Triangle.cpp">
      <Filter>External\MathGeoLib\Geometry</Filter>
    </ClCompile>
    <ClCompile Include="External\MathGeolib\include\Geometry\TriangleMesh.cpp">
      <Filter>External\MathGeoLib\Geometry</Filter>
    </ClCompile>
    <ClCompile Include="External\MathGeolib\include\Math\BitOps.cpp">
      <Filter>External\MathGeoLib\Math</Filter>
    </ClCompile>
    <ClCompile Include="External\MathGeolib\include\Math\float2.cpp">
      <Filter>External\MathGeoLib\Math</Filter>
    </ClCompile>
    <ClCompile Include="External\MathGeolib\include\Math\float3.cpp">
      <Filter>External\MathGeoLib\Math</Filter>
    </ClCompile>
    <ClCompile Include="External\MathGeolib\include\Math\float3x3.cpp">
      <Filter>External\MathGeoLib\Math</Filter>
    </ClCompile>
    <ClCompile Include="External\MathGeolib\include\Math\float3x4.cpp">
      <Filter>External\MathGeoLib\Math</Filter>
    </ClCompile>
    <ClCompile Include="External\MathGeolib\include\Math\float4.cpp">
      <Filter>External\MathGeoLib\Math</Filter>
    </ClCompile>
    <ClCompile Include="External\MathGeolib\include\Math\float4x4.cpp">
      <Filter>External\MathGeoLib\Math</Filter>
    </ClCompile>
    <ClCompile Include="External\MathGeolib\include\Math\MathFunc.cpp">
      <Filter>External\MathGeoLib\Math</Filter>
    </ClCompile>
    <ClCompile Include="External\MathGeolib\include\Math\MathLog.cpp">
      <Filter>External\MathGeoLib\Math</Filter>
    </ClCompile>
    <ClCompile Include="External\MathGeolib\include\Math\MathOps.cpp">
      <Filter>External\MathGeoLib\Math</Filter>
    </ClCompile>
    <ClCompile Include="External\MathGeolib\include\Math\Polynomial.cpp">
      <Filter>External\MathGeoLib\Math</Filter>
    </ClCompile>
    <ClCompile Include="External\MathGeolib\include\Math\Quat.cpp">
      <Filter>External\MathGeoLib\Math</Filter>
    </ClCompile>
    <ClCompile Include="External\MathGeolib\include\Math\SSEMath.cpp">
      <Filter>External\MathGeoLib\Math</Filter>
    </ClCompile>
    <ClCompile Include="External\MathGeolib\include\Math\TransformOps.cpp">
      <Filter>External\MathGeoLib\Math</Filter>
    </ClCompile>
    <ClCompile Include="External\MathGeolib\include\Algorithm\Random\LCG.cpp">
      <Filter>External\MathGeoLib\Algorithm\Random</Filter>
    </ClCompile>
    <ClCompile Include="External\MathGeolib\include\Time\Clock.cpp">
      <Filter>External\MathGeoLib\Time</Filter>
    </ClCompile>
    <ClCompile Include="ModuleDebugDraw.cpp">
      <Filter>Source</Filter>
    </ClCompile>
    <ClCompile Include="MenuBarPanel.cpp">
      <Filter>Source\Editor UI\Editor Panels</Filter>
    </ClCompile>
    <ClCompile Include="ModuleCamera.cpp">
      <Filter>Source</Filter>
    </ClCompile>
    <ClCompile Include="ModuleTexture.cpp">
      <Filter>Source</Filter>
    </ClCompile>
    <ClCompile Include="ModuleModel.cpp">
      <Filter>Source</Filter>
    </ClCompile>
    <ClCompile Include="ConfigPanel.cpp">
      <Filter>Source\Editor UI\Editor Panels</Filter>
    </ClCompile>
    <ClCompile Include="ConsolePanel.cpp">
      <Filter>Source\Editor UI\Editor Panels</Filter>
    </ClCompile>
    <ClCompile Include="log.cpp">
      <Filter>Source\Utils</Filter>
    </ClCompile>
    <ClCompile Include="NormalTimer.cpp">
      <Filter>Source\Utils</Filter>
    </ClCompile>
    <ClCompile Include="InspectorPanel.cpp">
      <Filter>Source\Editor UI\Editor Panels</Filter>
    </ClCompile>
  </ItemGroup>
  <ItemGroup>
    <ClInclude Include="Application.h">
      <Filter>Source</Filter>
    </ClInclude>
    <ClInclude Include="Globals.h">
      <Filter>Source</Filter>
    </ClInclude>
    <ClInclude Include="Module.h">
      <Filter>Source</Filter>
    </ClInclude>
    <ClInclude Include="ModuleInput.h">
      <Filter>Source</Filter>
    </ClInclude>
    <ClInclude Include="ModuleOpenGL.h">
      <Filter>Source</Filter>
    </ClInclude>
    <ClInclude Include="ModuleProgram.h">
      <Filter>Source</Filter>
    </ClInclude>
    <ClInclude Include="ModuleRenderExercise.h">
      <Filter>Source</Filter>
    </ClInclude>
    <ClInclude Include="ModuleWindow.h">
      <Filter>Source</Filter>
    </ClInclude>
    <ClInclude Include="External\ImGui\include\imconfig.h">
      <Filter>External\ImGui</Filter>
    </ClInclude>
    <ClInclude Include="External\ImGui\include\imgui.h">
      <Filter>External\ImGui</Filter>
    </ClInclude>
    <ClInclude Include="External\ImGui\include\imgui_internal.h">
      <Filter>External\ImGui</Filter>
    </ClInclude>
    <ClInclude Include="External\ImGui\include\imstb_rectpack.h">
      <Filter>External\ImGui</Filter>
    </ClInclude>
    <ClInclude Include="External\ImGui\include\imstb_textedit.h">
      <Filter>External\ImGui</Filter>
    </ClInclude>
    <ClInclude Include="External\ImGui\include\imstb_truetype.h">
      <Filter>External\ImGui</Filter>
    </ClInclude>
    <ClInclude Include="External\ImGui\include\backends\imgui_impl_opengl3.h">
      <Filter>External\ImGui\backend</Filter>
    </ClInclude>
    <ClInclude Include="External\ImGui\include\backends\imgui_impl_sdl2.h">
      <Filter>External\ImGui\backend</Filter>
    </ClInclude>
    <ClInclude Include="External\ImGui\include\backends\imgui_impl_opengl3_loader.h">
      <Filter>External\ImGui\backend</Filter>
    </ClInclude>
    <ClInclude Include="ModuleEditor.h">
      <Filter>Source</Filter>
    </ClInclude>
    <ClInclude Include="EditorPanelManager.h">
      <Filter>Source\Editor UI</Filter>
    </ClInclude>
    <ClInclude Include="AboutPanel.h">
      <Filter>Source\Editor UI\Editor Panels</Filter>
    </ClInclude>
    <ClInclude Include="External\MathGeolib\include\MathBuildConfig.h">
      <Filter>External\MathGeoLib</Filter>
    </ClInclude>
    <ClInclude Include="External\MathGeolib\include\MathGeoLib.h">
      <Filter>External\MathGeoLib</Filter>
    </ClInclude>
    <ClInclude Include="External\MathGeolib\include\MathGeoLibFwd.h">
      <Filter>External\MathGeoLib</Filter>
    </ClInclude>
    <ClInclude Include="External\MathGeolib\include\Geometry\AABB.h">
      <Filter>External\MathGeoLib\Geometry</Filter>
    </ClInclude>
    <ClInclude Include="External\MathGeolib\include\Geometry\AABB2D.h">
      <Filter>External\MathGeoLib\Geometry</Filter>
    </ClInclude>
    <ClInclude Include="External\MathGeolib\include\Geometry\Capsule.h">
      <Filter>External\MathGeoLib\Geometry</Filter>
    </ClInclude>
    <ClInclude Include="External\MathGeolib\include\Geometry\Circle.h">
      <Filter>External\MathGeoLib\Geometry</Filter>
    </ClInclude>
    <ClInclude Include="External\MathGeolib\include\Geometry\Cone.h">
      <Filter>External\MathGeoLib\Geometry</Filter>
    </ClInclude>
    <ClInclude Include="External\MathGeolib\include\Geometry\Cylinder.h">
      <Filter>External\MathGeoLib\Geometry</Filter>
    </ClInclude>
    <ClInclude Include="External\MathGeolib\include\Geometry\Frustum.h">
      <Filter>External\MathGeoLib\Geometry</Filter>
    </ClInclude>
    <ClInclude Include="External\MathGeolib\include\Geometry\GeometryAll.h">
      <Filter>External\MathGeoLib\Geometry</Filter>
    </ClInclude>
    <ClInclude Include="External\MathGeolib\include\Geometry\GeomType.h">
      <Filter>External\MathGeoLib\Geometry</Filter>
    </ClInclude>
    <ClInclude Include="External\MathGeolib\include\Geometry\HitInfo.h">
      <Filter>External\MathGeoLib\Geometry</Filter>
    </ClInclude>
    <ClInclude Include="External\MathGeolib\include\Geometry\KDTree.h">
      <Filter>External\MathGeoLib\Geometry</Filter>
    </ClInclude>
    <ClInclude Include="External\MathGeolib\include\Geometry\Line.h">
      <Filter>External\MathGeoLib\Geometry</Filter>
    </ClInclude>
    <ClInclude Include="External\MathGeolib\include\Geometry\LineSegment.h">
      <Filter>External\MathGeoLib\Geometry</Filter>
    </ClInclude>
    <ClInclude Include="External\MathGeolib\include\Geometry\OBB.h">
      <Filter>External\MathGeoLib\Geometry</Filter>
    </ClInclude>
    <ClInclude Include="External\MathGeolib\include\Geometry\PBVolume.h">
      <Filter>External\MathGeoLib\Geometry</Filter>
    </ClInclude>
    <ClInclude Include="External\MathGeolib\include\Geometry\Plane.h">
      <Filter>External\MathGeoLib\Geometry</Filter>
    </ClInclude>
    <ClInclude Include="External\MathGeolib\include\Geometry\Polygon.h">
      <Filter>External\MathGeoLib\Geometry</Filter>
    </ClInclude>
    <ClInclude Include="External\MathGeolib\include\Geometry\Polyhedron.h">
      <Filter>External\MathGeoLib\Geometry</Filter>
    </ClInclude>
    <ClInclude Include="External\MathGeolib\include\Geometry\QuadTree.h">
      <Filter>External\MathGeoLib\Geometry</Filter>
    </ClInclude>
    <ClInclude Include="External\MathGeolib\include\Geometry\Ray.h">
      <Filter>External\MathGeoLib\Geometry</Filter>
    </ClInclude>
    <ClInclude Include="External\MathGeolib\include\Geometry\Sphere.h">
      <Filter>External\MathGeoLib\Geometry</Filter>
    </ClInclude>
    <ClInclude Include="External\MathGeolib\include\Geometry\Triangle.h">
      <Filter>External\MathGeoLib\Geometry</Filter>
    </ClInclude>
    <ClInclude Include="External\MathGeolib\include\Geometry\TriangleMesh.h">
      <Filter>External\MathGeoLib\Geometry</Filter>
    </ClInclude>
    <ClInclude Include="External\MathGeolib\include\Math\assume.h">
      <Filter>External\MathGeoLib\Math</Filter>
    </ClInclude>
    <ClInclude Include="External\MathGeolib\include\Math\BitOps.h">
      <Filter>External\MathGeoLib\Math</Filter>
    </ClInclude>
    <ClInclude Include="External\MathGeolib\include\Math\Complex.h">
      <Filter>External\MathGeoLib\Math</Filter>
    </ClInclude>
    <ClInclude Include="External\MathGeolib\include\Math\CoordinateAxisConvention.h">
      <Filter>External\MathGeoLib\Math</Filter>
    </ClInclude>
    <ClInclude Include="External\MathGeolib\include\Math\FixedPoint.h">
      <Filter>External\MathGeoLib\Math</Filter>
    </ClInclude>
    <ClInclude Include="External\MathGeolib\include\Math\float2.h">
      <Filter>External\MathGeoLib\Math</Filter>
    </ClInclude>
    <ClInclude Include="External\MathGeolib\include\Math\float3.h">
      <Filter>External\MathGeoLib\Math</Filter>
    </ClInclude>
    <ClInclude Include="External\MathGeolib\include\Math\float3x3.h">
      <Filter>External\MathGeoLib\Math</Filter>
    </ClInclude>
    <ClInclude Include="External\MathGeolib\include\Math\float3x4.h">
      <Filter>External\MathGeoLib\Math</Filter>
    </ClInclude>
    <ClInclude Include="External\MathGeolib\include\Math\float4.h">
      <Filter>External\MathGeoLib\Math</Filter>
    </ClInclude>
    <ClInclude Include="External\MathGeolib\include\Math\float4_neon.h">
      <Filter>External\MathGeoLib\Math</Filter>
    </ClInclude>
    <ClInclude Include="External\MathGeolib\include\Math\float4_sse.h">
      <Filter>External\MathGeoLib\Math</Filter>
    </ClInclude>
    <ClInclude Include="External\MathGeolib\include\Math\float4x4.h">
      <Filter>External\MathGeoLib\Math</Filter>
    </ClInclude>
    <ClInclude Include="External\MathGeolib\include\Math\float4x4_neon.h">
      <Filter>External\MathGeoLib\Math</Filter>
    </ClInclude>
    <ClInclude Include="External\MathGeolib\include\Math\float4x4_sse.h">
      <Filter>External\MathGeoLib\Math</Filter>
    </ClInclude>
    <ClInclude Include="External\MathGeolib\include\Math\FloatCmp.h">
      <Filter>External\MathGeoLib\Math</Filter>
    </ClInclude>
    <ClInclude Include="External\MathGeolib\include\Math\MathAll.h">
      <Filter>External\MathGeoLib\Math</Filter>
    </ClInclude>
    <ClInclude Include="External\MathGeolib\include\Math\MathConstants.h">
      <Filter>External\MathGeoLib\Math</Filter>
    </ClInclude>
    <ClInclude Include="External\MathGeolib\include\Math\MathFunc.h">
      <Filter>External\MathGeoLib\Math</Filter>
    </ClInclude>
    <ClInclude Include="External\MathGeolib\include\Math\MathLog.h">
      <Filter>External\MathGeoLib\Math</Filter>
    </ClInclude>
    <ClInclude Include="External\MathGeolib\include\Math\MathNamespace.h">
      <Filter>External\MathGeoLib\Math</Filter>
    </ClInclude>
    <ClInclude Include="External\MathGeolib\include\Math\MathTypes.h">
      <Filter>External\MathGeoLib\Math</Filter>
    </ClInclude>
    <ClInclude Include="External\MathGeolib\include\Math\MatrixProxy.h">
      <Filter>External\MathGeoLib\Math</Filter>
    </ClInclude>
    <ClInclude Include="External\MathGeolib\include\Math\myassert.h">
      <Filter>External\MathGeoLib\Math</Filter>
    </ClInclude>
    <ClInclude Include="External\MathGeolib\include\Math\Polynomial.h">
      <Filter>External\MathGeoLib\Math</Filter>
    </ClInclude>
    <ClInclude Include="External\MathGeolib\include\Math\Quat.h">
      <Filter>External\MathGeoLib\Math</Filter>
    </ClInclude>
    <ClInclude Include="External\MathGeolib\include\Math\quat_simd.h">
      <Filter>External\MathGeoLib\Math</Filter>
    </ClInclude>
    <ClInclude Include="External\MathGeolib\include\Math\Rect.h">
      <Filter>External\MathGeoLib\Math</Filter>
    </ClInclude>
    <ClInclude Include="External\MathGeolib\include\Math\Reinterpret.h">
      <Filter>External\MathGeoLib\Math</Filter>
    </ClInclude>
    <ClInclude Include="External\MathGeolib\include\Math\sse_mathfun.h">
      <Filter>External\MathGeoLib\Math</Filter>
    </ClInclude>
    <ClInclude Include="External\MathGeolib\include\Math\SSEMath.h">
      <Filter>External\MathGeoLib\Math</Filter>
    </ClInclude>
    <ClInclude Include="External\MathGeolib\include\Math\TransformOps.h">
      <Filter>External\MathGeoLib\Math</Filter>
    </ClInclude>
    <ClInclude Include="External\MathGeolib\include\Algorithm\Random\LCG.h">
      <Filter>External\MathGeoLib\Algorithm\Random</Filter>
    </ClInclude>
    <ClInclude Include="External\MathGeolib\include\Time\Clock.h">
      <Filter>External\MathGeoLib\Time</Filter>
    </ClInclude>
    <ClInclude Include="External\DebugDraw\include\debug_draw.hpp">
      <Filter>External\DebugDraw</Filter>
    </ClInclude>
    <ClInclude Include="External\DebugDraw\include\debugdraw.h">
      <Filter>External\DebugDraw</Filter>
    </ClInclude>
    <ClInclude Include="ModuleDebugDraw.h">
      <Filter>Source</Filter>
    </ClInclude>
    <ClInclude Include="MenuBarPanel.h">
      <Filter>Source\Editor UI\Editor Panels</Filter>
    </ClInclude>
    <ClInclude Include="ModuleCamera.h">
      <Filter>Source</Filter>
    </ClInclude>
    <ClInclude Include="ModuleTexture.h">
      <Filter>Source</Filter>
    </ClInclude>
    <ClInclude Include="ModuleModel.h">
      <Filter>Source</Filter>
    </ClInclude>
    <ClInclude Include="External\tinygltf-2.8.18\json.hpp">
      <Filter>External\TinyGltf</Filter>
    </ClInclude>
    <ClInclude Include="External\tinygltf-2.8.18\stb_image.h">
      <Filter>External\TinyGltf</Filter>
    </ClInclude>
    <ClInclude Include="External\tinygltf-2.8.18\stb_image_write.h">
      <Filter>External\TinyGltf</Filter>
    </ClInclude>
    <ClInclude Include="External\tinygltf-2.8.18\tiny_gltf.h">
      <Filter>External\TinyGltf</Filter>
    </ClInclude>
    <ClInclude Include="ConfigPanel.h">
      <Filter>Source\Editor UI\Editor Panels</Filter>
    </ClInclude>
    <ClInclude Include="ConsolePanel.h">
      <Filter>Source\Editor UI\Editor Panels</Filter>
    </ClInclude>
    <ClInclude Include="Dummy.h">
      <Filter>Source\Utils</Filter>
    </ClInclude>
    <ClInclude Include="NormalTimer.h">
      <Filter>Source\Utils</Filter>
    </ClInclude>
    <ClInclude Include="InspectorPanel.h">
      <Filter>Source\Editor UI\Editor Panels</Filter>
    </ClInclude>
  </ItemGroup>
  <ItemGroup>
    <None Include="External\MathGeolib\include\Math\Matrix.inl">
      <Filter>External\MathGeoLib\Math</Filter>
    </None>
    <None Include="External\MathGeolib\include\Geometry\KDTree.inl">
      <Filter>External\MathGeoLib\Geometry</Filter>
    </None>
    <None Include="External\MathGeolib\include\Geometry\QuadTree.inl">
      <Filter>External\MathGeoLib\Geometry</Filter>
    </None>
    <None Include="External\MathGeolib\include\Geometry\TriangleMesh_IntersectRay_AVX.inl">
      <Filter>External\MathGeoLib\Geometry</Filter>
    </None>
    <None Include="External\MathGeolib\include\Geometry\TriangleMesh_IntersectRay_CPP.inl">
      <Filter>External\MathGeoLib\Geometry</Filter>
    </None>
    <None Include="External\MathGeolib\include\Geometry\TriangleMesh_IntersectRay_SSE.inl">
      <Filter>External\MathGeoLib\Geometry</Filter>
    </None>
    <None Include="..\Game\Shaders\Fragment.glsl">
      <Filter>Shaders</Filter>
    </None>
    <None Include="..\Game\Shaders\Vertex.glsl">
      <Filter>Shaders</Filter>
    </None>
  </ItemGroup>
  <ItemGroup>
    <Filter Include="Shaders">
      <UniqueIdentifier>{cce3c809-c928-4e58-9ebd-ed18d2304deb}</UniqueIdentifier>
    </Filter>
    <Filter Include="Source">
      <UniqueIdentifier>{b3576ccb-eb7c-4ea2-b9ed-8ce4e2a5ddd2}</UniqueIdentifier>
    </Filter>
    <Filter Include="External">
      <UniqueIdentifier>{026279ae-35d1-4281-8b97-f54a539224f7}</UniqueIdentifier>
    </Filter>
    <Filter Include="External\ImGui">
      <UniqueIdentifier>{59598120-cff5-4f2a-bf2b-1ae27ca659cd}</UniqueIdentifier>
    </Filter>
    <Filter Include="External\ImGui\backend">
      <UniqueIdentifier>{9d2aeaa4-b023-4cc2-9baf-48868f546ceb}</UniqueIdentifier>
    </Filter>
    <Filter Include="Source\Editor UI">
      <UniqueIdentifier>{a9628a24-9f20-46a1-a35a-a79f7f8e3a05}</UniqueIdentifier>
    </Filter>
    <Filter Include="Source\Editor UI\Editor Panels">
      <UniqueIdentifier>{4609b8ee-2bb9-43d3-8449-da1e9b67fd5d}</UniqueIdentifier>
    </Filter>
    <Filter Include="External\MathGeoLib">
      <UniqueIdentifier>{0f322538-fc50-4e35-ad5b-4d23f5bc7a56}</UniqueIdentifier>
    </Filter>
    <Filter Include="External\MathGeoLib\Math">
      <UniqueIdentifier>{a6434008-02a3-4bdf-9b8f-4806d7fa1be6}</UniqueIdentifier>
    </Filter>
    <Filter Include="External\MathGeoLib\Geometry">
      <UniqueIdentifier>{df34dc0c-4e73-45c0-800c-79cc36c4391d}</UniqueIdentifier>
    </Filter>
    <Filter Include="External\MathGeoLib\Algorithm">
      <UniqueIdentifier>{7ee09b30-89e4-4113-817b-9c77411504eb}</UniqueIdentifier>
    </Filter>
    <Filter Include="External\MathGeoLib\Algorithm\Random">
      <UniqueIdentifier>{486d56aa-e448-4658-a0aa-ec82766bf1b1}</UniqueIdentifier>
    </Filter>
    <Filter Include="External\MathGeoLib\Time">
      <UniqueIdentifier>{09476045-ce14-4c6b-9bdf-2a1cc116244d}</UniqueIdentifier>
    </Filter>
    <Filter Include="External\DebugDraw">
      <UniqueIdentifier>{b8b88a09-aed4-4bb3-84b4-99212d4491c0}</UniqueIdentifier>
    </Filter>
    <Filter Include="External\TinyGltf">
      <UniqueIdentifier>{72d8ee4b-3b27-40c7-83e4-9f8bb342c823}</UniqueIdentifier>
    </Filter>
    <Filter Include="Source\Utils">
      <UniqueIdentifier>{f71f0949-3208-4ce1-981a-1c34efc1c635}</UniqueIdentifier>
    </Filter>
  </ItemGroup>
</Project>